
Microsoft Visual Studio Solution File, Format Version 12.00
# Visual Studio 2013
VisualStudioVersion = 12.0.31101.0
MinimumVisualStudioVersion = 10.0.40219.1
Project("{FAE04EC0-301F-11D3-BF4B-00C04F79EFBC}") = "CozaLozaWoza", "CozaLozaWoza.csproj", "{F07A18C6-74F7-460A-9CB6-A865D068FEED}"
EndProject
Global
	GlobalSection(SolutionConfigurationPlatforms) = preSolution
		Debug|Any CPU = Debug|Any CPU
		Release|Any CPU = Release|Any CPU
	EndGlobalSection
	GlobalSection(ProjectConfigurationPlatforms) = postSolution
		{F07A18C6-74F7-460A-9CB6-A865D068FEED}.Debug|Any CPU.ActiveCfg = Debug|Any CPU
		{F07A18C6-74F7-460A-9CB6-A865D068FEED}.Debug|Any CPU.Build.0 = Debug|Any CPU
		{F07A18C6-74F7-460A-9CB6-A865D068FEED}.Release|Any CPU.ActiveCfg = Release|Any CPU
		{F07A18C6-74F7-460A-9CB6-A865D068FEED}.Release|Any CPU.Build.0 = Release|Any CPU
	EndGlobalSection
	GlobalSection(SolutionProperties) = preSolution
		HideSolutionNode = FALSE
	EndGlobalSection
EndGlobal
